
Microsoft Visual Studio Solution File, Format Version 12.00
# Visual Studio Version 16
VisualStudioVersion = 16.0.31410.357
MinimumVisualStudioVersion = 10.0.40219.1
Project("{FAE04EC0-301F-11D3-BF4B-00C04F79EFBC}") = "eShopSolution.WebApp", "eShopSolution.WebApp\eShopSolution.WebApp.csproj", "{B7CBF7F1-CBD2-44F8-B4CD-C7CBFC799178}"
EndProject
Global
	GlobalSection(SolutionConfigurationPlatforms) = preSolution
		Debug|Any CPU = Debug|Any CPU
		Release|Any CPU = Release|Any CPU
	EndGlobalSection
	GlobalSection(ProjectConfigurationPlatforms) = postSolution
		{B7CBF7F1-CBD2-44F8-B4CD-C7CBFC799178}.Debug|Any CPU.ActiveCfg = Debug|Any CPU
		{B7CBF7F1-CBD2-44F8-B4CD-C7CBFC799178}.Debug|Any CPU.Build.0 = Debug|Any CPU
		{B7CBF7F1-CBD2-44F8-B4CD-C7CBFC799178}.Release|Any CPU.ActiveCfg = Release|Any CPU
		{B7CBF7F1-CBD2-44F8-B4CD-C7CBFC799178}.Release|Any CPU.Build.0 = Release|Any CPU
	EndGlobalSection
	GlobalSection(SolutionProperties) = preSolution
		HideSolutionNode = FALSE
	EndGlobalSection
	GlobalSection(ExtensibilityGlobals) = postSolution
		SolutionGuid = {3F8403F4-57BF-40A0-9A2A-FA43140384F1}
	EndGlobalSection
EndGlobal
